{
  "name": "sass-demo",
  "version": "1.0.0",
  "lockfileVersion": 1,
  "requires": true,
  "dependencies": {
    "@nodelib/fs.scandir": {
      "version": "2.1.5",
      "resolved": "https://npm.baijia.com/@nodelib%2ffs.scandir/-/fs.scandir-2.1.5.tgz",
      "integrity": "sha1-dhnC6yGyVIP20WdUi0z9WnSIw9U=",
      "dev": true,
      "requires": {
        "@nodelib/fs.stat": "2.0.5",
        "run-parallel": "^1.1.9"
      }
    },
    "@nodelib/fs.stat": {
      "version": "2.0.5",
      "resolved": "https://npm.baijia.com/@nodelib%2ffs.stat/-/fs.stat-2.0.5.tgz",
      "integrity": "sha1-W9Jir5Tp0lvR5xsF3u1Eh2oiLos=",
      "dev": true
    },
    "@nodelib/fs.walk": {
      "version": "1.2.8",
      "resolved": "https://npm.baijia.com/@nodelib%2ffs.walk/-/fs.walk-1.2.8.tgz",
      "integrity": "sha1-6Vc36LtnRt3t9pxVaVNJTxlv5po=",
      "dev": true,
      "requires": {
        "@nodelib/fs.scandir": "2.1.5",
        "fastq": "^1.6.0"
      }
    },
    "@trysound/sax": {
      "version": "0.2.0",
      "resolved": "https://npm.baijia.com/@trysound%2fsax/-/sax-0.2.0.tgz",
      "integrity": "sha1-zMqrdYr1Z2Hre/N69vA/Mm3XmK0=",
      "dev": true
    },
    "ansi-regex": {
      "version": "5.0.1",
      "resolved": "https://npm.baijia.com/ansi-regex/-/ansi-regex-5.0.1.tgz",
      "integrity": "sha1-CCyyyJyf6GWaMRpTvWpNxTAdswQ=",
      "dev": true
    },
    "ansi-styles": {
      "version": "4.3.0",
      "resolved": "https://npm.baijia.com/ansi-styles/-/ansi-styles-4.3.0.tgz",
      "integrity": "sha1-7dgDYornHATIWuegkG7a00tkiTc=",
      "dev": true,
      "requires": {
        "color-convert": "^2.0.1"
      }
    },
    "anymatch": {
      "version": "3.1.3",
      "resolved": "https://npm.baijia.com/anymatch/-/anymatch-3.1.3.tgz",
      "integrity": "sha512-KMReFUr0B4t+D+OBkjR3KYqvocp2XaSzO55UcB6mgQMd3KbcE+mWTyvVV7D/zsdEbNnV6acZUutkiHQXvTr1Rw==",
      "dev": true,
      "requires": {
        "normalize-path": "^3.0.0",
        "picomatch": "^2.0.4"
      }
    },
    "autoprefixer": {
      "version": "10.4.15",
      "resolved": "https://npm.baijia.com/autoprefixer/-/autoprefixer-10.4.15.tgz",
      "integrity": "sha512-KCuPB8ZCIqFdA4HwKXsvz7j6gvSDNhDP7WnUjBleRkKjPdvCmHFuQ77ocavI8FT6NdvlBnE2UFr2H4Mycn8Vew==",
      "dev": true,
      "requires": {
        "browserslist": "^4.21.10",
        "caniuse-lite": "^1.0.30001520",
        "fraction.js": "^4.2.0",
        "normalize-range": "^0.1.2",
        "picocolors": "^1.0.0",
        "postcss-value-parser": "^4.2.0"
      }
    },
    "balanced-match": {
      "version": "1.0.2",
      "resolved": "https://npm.baijia.com/balanced-match/-/balanced-match-1.0.2.tgz",
      "integrity": "sha1-6D46fj8wCzTLnYf2FfoMvzV2kO4=",
      "dev": true
    },
    "binary-extensions": {
      "version": "2.2.0",
      "resolved": "https://npm.baijia.com/binary-extensions/-/binary-extensions-2.2.0.tgz",
      "integrity": "sha1-dfUC7q+f/eQvyYgpZFvk6na9ni0=",
      "dev": true
    },
    "boolbase": {
      "version": "1.0.0",
      "resolved": "https://npm.baijia.com/boolbase/-/boolbase-1.0.0.tgz",
      "integrity": "sha1-aN/1++YMUes3cl6p4+0xDcwed24=",
      "dev": true
    },
    "brace-expansion": {
      "version": "1.1.11",
      "resolved": "https://npm.baijia.com/brace-expansion/-/brace-expansion-1.1.11.tgz",
      "integrity": "sha1-PH/L9SnYcibz0vUrlm/1Jx60Qd0=",
      "dev": true,
      "requires": {
        "balanced-match": "^1.0.0",
        "concat-map": "0.0.1"
      }
    },
    "braces": {
      "version": "3.0.2",
      "resolved": "https://npm.baijia.com/braces/-/braces-3.0.2.tgz",
      "integrity": "sha1-NFThpGLujVmeI23zNs2epPiv4Qc=",
      "dev": true,
      "requires": {
        "fill-range": "^7.0.1"
      }
    },
    "browserslist": {
      "version": "4.21.10",
      "resolved": "https://npm.baijia.com/browserslist/-/browserslist-4.21.10.tgz",
      "integrity": "sha512-bipEBdZfVH5/pwrvqc+Ub0kUPVfGUhlKxbvfD+z1BDnPEO/X98ruXGA1WP5ASpAFKan7Qr6j736IacbZQuAlKQ==",
      "dev": true,
      "requires": {
        "caniuse-lite": "^1.0.30001517",
        "electron-to-chromium": "^1.4.477",
        "node-releases": "^2.0.13",
        "update-browserslist-db": "^1.0.11"
      }
    },
    "caniuse-api": {
      "version": "3.0.0",
      "resolved": "https://npm.baijia.com/caniuse-api/-/caniuse-api-3.0.0.tgz",
      "integrity": "sha1-Xk2Q4idJYdRikZl99Znj7QCO5MA=",
      "dev": true,
      "requires": {
        "browserslist": "^4.0.0",
        "caniuse-lite": "^1.0.0",
        "lodash.memoize": "^4.1.2",
        "lodash.uniq": "^4.5.0"
      }
    },
    "caniuse-lite": {
      "version": "1.0.30001522",
      "resolved": "https://npm.baijia.com/caniuse-lite/-/caniuse-lite-1.0.30001522.tgz",
      "integrity": "sha512-TKiyTVZxJGhsTszLuzb+6vUZSjVOAhClszBr2Ta2k9IwtNBT/4dzmL6aywt0HCgEZlmwJzXJd8yNiob6HgwTRg==",
      "dev": true
    },
    "chokidar": {
      "version": "3.5.3",
      "resolved": "https://npm.baijia.com/chokidar/-/chokidar-3.5.3.tgz",
      "integrity": "sha512-Dr3sfKRP6oTcjf2JmUmFJfeVMvXBdegxB0iVQ5eb2V10uFJUCAS8OByZdVAyVb8xXNz3GjjTgj9kLWsZTqE6kw==",
      "dev": true,
      "requires": {
        "anymatch": "~3.1.2",
        "braces": "~3.0.2",
        "fsevents": "~2.3.2",
        "glob-parent": "~5.1.2",
        "is-binary-path": "~2.1.0",
        "is-glob": "~4.0.1",
        "normalize-path": "~3.0.0",
        "readdirp": "~3.6.0"
      }
    },
    "cliui": {
      "version": "8.0.1",
      "resolved": "https://npm.baijia.com/cliui/-/cliui-8.0.1.tgz",
      "integrity": "sha512-BSeNnyus75C4//NQ9gQt1/csTXyo/8Sb+afLAkzAptFuMsod9HFokGNudZpi/oQV73hnVK+sR+5PVRMd+Dr7YQ==",
      "dev": true,
      "requires": {
        "string-width": "^4.2.0",
        "strip-ansi": "^6.0.1",
        "wrap-ansi": "^7.0.0"
      }
    },
    "color-convert": {
      "version": "2.0.1",
      "resolved": "https://npm.baijia.com/color-convert/-/color-convert-2.0.1.tgz",
      "integrity": "sha1-ctOmjVmMm9s68q0ehPIdiWq9TeM=",
      "dev": true,
      "requires": {
        "color-name": "~1.1.4"
      }
    },
    "color-name": {
      "version": "1.1.4",
      "resolved": "https://npm.baijia.com/color-name/-/color-name-1.1.4.tgz",
      "integrity": "sha1-wqCah6y95pVD3m9j+jmVyCbFNqI=",
      "dev": true
    },
    "colord": {
      "version": "2.9.3",
      "resolved": "https://npm.baijia.com/colord/-/colord-2.9.3.tgz",
      "integrity": "sha512-jeC1axXpnb0/2nn/Y1LPuLdgXBLH7aDcHu4KEKfqw3CUhX7ZpfBSlPKyqXE6btIgEzfWtrX3/tyBCaCvXvMkOw==",
      "dev": true
    },
    "commander": {
      "version": "7.2.0",
      "resolved": "https://npm.baijia.com/commander/-/commander-7.2.0.tgz",
      "integrity": "sha1-o2y1fQtQHOEI5NIFWaFQo5HZerc=",
      "dev": true
    },
    "concat-map": {
      "version": "0.0.1",
      "resolved": "https://npm.baijia.com/concat-map/-/concat-map-0.0.1.tgz",
      "integrity": "sha1-2Klr13/Wjfd5OnMDajug1UBdR3s=",
      "dev": true
    },
    "css-declaration-sorter": {
      "version": "6.4.1",
      "resolved": "https://npm.baijia.com/css-declaration-sorter/-/css-declaration-sorter-6.4.1.tgz",
      "integrity": "sha512-rtdthzxKuyq6IzqX6jEcIzQF/YqccluefyCYheovBOLhFT/drQA9zj/UbRAa9J7C0o6EG6u3E6g+vKkay7/k3g==",
      "dev": true
    },
    "css-select": {
      "version": "5.1.0",
      "resolved": "https://npm.baijia.com/css-select/-/css-select-5.1.0.tgz",
      "integrity": "sha512-nwoRF1rvRRnnCqqY7updORDsuqKzqYJ28+oSMaJMMgOauh3fvwHqMS7EZpIPqK8GL+g9mKxF1vP/ZjSeNjEVHg==",
      "dev": true,
      "requires": {
        "boolbase": "^1.0.0",
        "css-what": "^6.1.0",
        "domhandler": "^5.0.2",
        "domutils": "^3.0.1",
        "nth-check": "^2.0.1"
      }
    },
    "css-tree": {
      "version": "2.3.1",
      "resolved": "https://npm.baijia.com/css-tree/-/css-tree-2.3.1.tgz",
      "integrity": "sha512-6Fv1DV/TYw//QF5IzQdqsNDjx/wc8TrMBZsqjL9eW01tWb7R7k/mq+/VXfJCl7SoD5emsJop9cOByJZfs8hYIw==",
      "dev": true,
      "requires": {
        "mdn-data": "2.0.30",
        "source-map-js": "^1.0.1"
      }
    },
    "css-what": {
      "version": "6.1.0",
      "resolved": "https://npm.baijia.com/css-what/-/css-what-6.1.0.tgz",
      "integrity": "sha512-HTUrgRJ7r4dsZKU6GjmpfRK1O76h97Z8MfS1G0FozR+oF2kG6Vfe8JE6zwrkbxigziPHinCJ+gCPjA9EaBDtRw==",
      "dev": true
    },
    "cssesc": {
      "version": "3.0.0",
      "resolved": "https://npm.baijia.com/cssesc/-/cssesc-3.0.0.tgz",
      "integrity": "sha1-N3QZGZA7hoVl4cCep0dEXNGJg+4=",
      "dev": true
    },
    "cssnano": {
      "version": "6.0.1",
      "resolved": "https://npm.baijia.com/cssnano/-/cssnano-6.0.1.tgz",
      "integrity": "sha512-fVO1JdJ0LSdIGJq68eIxOqFpIJrZqXUsBt8fkrBcztCQqAjQD51OhZp7tc0ImcbwXD4k7ny84QTV90nZhmqbkg==",
      "dev": true,
      "requires": {
        "cssnano-preset-default": "^6.0.1",
        "lilconfig": "^2.1.0"
      }
    },
    "cssnano-preset-default": {
      "version": "6.0.1",
      "resolved": "https://npm.baijia.com/cssnano-preset-default/-/cssnano-preset-default-6.0.1.tgz",
      "integrity": "sha512-7VzyFZ5zEB1+l1nToKyrRkuaJIx0zi/1npjvZfbBwbtNTzhLtlvYraK/7/uqmX2Wb2aQtd983uuGw79jAjLSuQ==",
      "dev": true,
      "requires": {
        "css-declaration-sorter": "^6.3.1",
        "cssnano-utils": "^4.0.0",
        "postcss-calc": "^9.0.0",
        "postcss-colormin": "^6.0.0",
        "postcss-convert-values": "^6.0.0",
        "postcss-discard-comments": "^6.0.0",
        "postcss-discard-duplicates": "^6.0.0",
        "postcss-discard-empty": "^6.0.0",
        "postcss-discard-overridden": "^6.0.0",
        "postcss-merge-longhand": "^6.0.0",
        "postcss-merge-rules": "^6.0.1",
        "postcss-minify-font-values": "^6.0.0",
        "postcss-minify-gradients": "^6.0.0",
        "postcss-minify-params": "^6.0.0",
        "postcss-minify-selectors": "^6.0.0",
        "postcss-normalize-charset": "^6.0.0",
        "postcss-normalize-display-values": "^6.0.0",
        "postcss-normalize-positions": "^6.0.0",
        "postcss-normalize-repeat-style": "^6.0.0",
        "postcss-normalize-string": "^6.0.0",
        "postcss-normalize-timing-functions": "^6.0.0",
        "postcss-normalize-unicode": "^6.0.0",
        "postcss-normalize-url": "^6.0.0",
        "postcss-normalize-whitespace": "^6.0.0",
        "postcss-ordered-values": "^6.0.0",
        "postcss-reduce-initial": "^6.0.0",
        "postcss-reduce-transforms": "^6.0.0",
        "postcss-svgo": "^6.0.0",
        "postcss-unique-selectors": "^6.0.0"
      }
    },
    "cssnano-utils": {
      "version": "4.0.0",
      "resolved": "https://npm.baijia.com/cssnano-utils/-/cssnano-utils-4.0.0.tgz",
      "integrity": "sha512-Z39TLP+1E0KUcd7LGyF4qMfu8ZufI0rDzhdyAMsa/8UyNUU8wpS0fhdBxbQbv32r64ea00h4878gommRVg2BHw==",
      "dev": true
    },
    "csso": {
      "version": "5.0.5",
      "resolved": "https://npm.baijia.com/csso/-/csso-5.0.5.tgz",
      "integrity": "sha512-0LrrStPOdJj+SPCCrGhzryycLjwcgUSHBtxNA8aIDxf0GLsRh1cKYhB00Gd1lDOS4yGH69+SNn13+TWbVHETFQ==",
      "dev": true,
      "requires": {
        "css-tree": "~2.2.0"
      },
      "dependencies": {
        "css-tree": {
          "version": "2.2.1",
          "resolved": "https://npm.baijia.com/css-tree/-/css-tree-2.2.1.tgz",
          "integrity": "sha512-OA0mILzGc1kCOCSJerOeqDxDQ4HOh+G8NbOJFOTgOCzpw7fCBubk0fEyxp8AgOL/jvLgYA/uV0cMbe43ElF1JA==",
          "dev": true,
          "requires": {
            "mdn-data": "2.0.28",
            "source-map-js": "^1.0.1"
          }
        },
        "mdn-data": {
          "version": "2.0.28",
          "resolved": "https://npm.baijia.com/mdn-data/-/mdn-data-2.0.28.tgz",
          "integrity": "sha512-aylIc7Z9y4yzHYAJNuESG3hfhC+0Ibp/MAMiaOZgNv4pmEdFyfZhhhny4MNiAfWdBQ1RQ2mfDWmM1x8SvGyp8g==",
          "dev": true
        }
      }
    },
    "cuint": {
      "version": "0.2.2",
      "resolved": "https://npm.baijia.com/cuint/-/cuint-0.2.2.tgz",
      "integrity": "sha1-QICG1AlVDCYxFVYZ6fp7ytw7mRs=",
      "dev": true
    },
    "dependency-graph": {
      "version": "0.11.0",
      "resolved": "https://npm.baijia.com/dependency-graph/-/dependency-graph-0.11.0.tgz",
      "integrity": "sha1-rAzn7WilTaIhZahel6AdU/XrLic=",
      "dev": true
    },
    "dir-glob": {
      "version": "3.0.1",
      "resolved": "https://npm.baijia.com/dir-glob/-/dir-glob-3.0.1.tgz",
      "integrity": "sha1-Vtv3PZkqSpO6FYT0U0Bj/S5BcX8=",
      "dev": true,
      "requires": {
        "path-type": "^4.0.0"
      }
    },
    "dom-serializer": {
      "version": "2.0.0",
      "resolved": "https://npm.baijia.com/dom-serializer/-/dom-serializer-2.0.0.tgz",
      "integrity": "sha512-wIkAryiqt/nV5EQKqQpo3SToSOV9J0DnbJqwK7Wv/Trc92zIAYZ4FlMu+JPFW1DfGFt81ZTCGgDEabffXeLyJg==",
      "dev": true,
      "requires": {
        "domelementtype": "^2.3.0",
        "domhandler": "^5.0.2",
        "entities": "^4.2.0"
      }
    },
    "domelementtype": {
      "version": "2.3.0",
      "resolved": "https://npm.baijia.com/domelementtype/-/domelementtype-2.3.0.tgz",
      "integrity": "sha512-OLETBj6w0OsagBwdXnPdN0cnMfF9opN69co+7ZrbfPGrdpPVNBUj02spi6B1N7wChLQiPn4CSH/zJvXw56gmHw==",
      "dev": true
    },
    "domhandler": {
      "version": "5.0.3",
      "resolved": "https://npm.baijia.com/domhandler/-/domhandler-5.0.3.tgz",
      "integrity": "sha512-cgwlv/1iFQiFnU96XXgROh8xTeetsnJiDsTc7TYCLFd9+/WNkIqPTxiM/8pSd8VIrhXGTf1Ny1q1hquVqDJB5w==",
      "dev": true,
      "requires": {
        "domelementtype": "^2.3.0"
      }
    },
    "domutils": {
      "version": "3.1.0",
      "resolved": "https://npm.baijia.com/domutils/-/domutils-3.1.0.tgz",
      "integrity": "sha512-H78uMmQtI2AhgDJjWeQmHwJJ2bLPD3GMmO7Zja/ZZh84wkm+4ut+IUnUdRa8uCGX88DiVx1j6FRe1XfxEgjEZA==",
      "dev": true,
      "requires": {
        "dom-serializer": "^2.0.0",
        "domelementtype": "^2.3.0",
        "domhandler": "^5.0.3"
      }
    },
    "electron-to-chromium": {
      "version": "1.4.500",
      "resolved": "https://npm.baijia.com/electron-to-chromium/-/electron-to-chromium-1.4.500.tgz",
      "integrity": "sha512-P38NO8eOuWOKY1sQk5yE0crNtrjgjJj6r3NrbIKtG18KzCHmHE2Bt+aQA7/y0w3uYsHWxDa6icOohzjLJ4vJ4A==",
      "dev": true
    },
    "emoji-regex": {
      "version": "8.0.0",
      "resolved": "https://npm.baijia.com/emoji-regex/-/emoji-regex-8.0.0.tgz",
      "integrity": "sha1-6Bj9ac5cz8tARZT4QpY79TFkzDc=",
      "dev": true
    },
    "entities": {
      "version": "4.5.0",
      "resolved": "https://npm.baijia.com/entities/-/entities-4.5.0.tgz",
      "integrity": "sha512-V0hjH4dGPh9Ao5p0MoRY6BVqtwCjhz6vI5LT8AJ55H+4g9/4vbHx1I54fS0XuclLhDHArPQCiMjDxjaL8fPxhw==",
      "dev": true
    },
    "escalade": {
      "version": "3.1.1",
      "resolved": "https://npm.baijia.com/escalade/-/escalade-3.1.1.tgz",
      "integrity": "sha1-2M/ccACWXFoBdLSoLqpcBVJ0LkA=",
      "dev": true
    },
    "fast-glob": {
      "version": "3.3.1",
      "resolved": "https://npm.baijia.com/fast-glob/-/fast-glob-3.3.1.tgz",
      "integrity": "sha512-kNFPyjhh5cKjrUltxs+wFx+ZkbRaxxmZ+X0ZU31SOsxCEtP9VPgtq2teZw1DebupL5GmDaNQ6yKMMVcM41iqDg==",
      "dev": true,
      "requires": {
        "@nodelib/fs.stat": "^2.0.2",
        "@nodelib/fs.walk": "^1.2.3",
        "glob-parent": "^5.1.2",
        "merge2": "^1.3.0",
        "micromatch": "^4.0.4"
      }
    },
    "fastq": {
      "version": "1.15.0",
      "resolved": "https://npm.baijia.com/fastq/-/fastq-1.15.0.tgz",
      "integrity": "sha512-wBrocU2LCXXa+lWBt8RoIRD89Fi8OdABODa/kEnyeyjS5aZO5/GNvI5sEINADqP/h8M29UHTHUb53sUu5Ihqdw==",
      "dev": true,
      "requires": {
        "reusify": "^1.0.4"
      }
    },
    "fill-range": {
      "version": "7.0.1",
      "resolved": "https://npm.baijia.com/fill-range/-/fill-range-7.0.1.tgz",
      "integrity": "sha1-GRmmp8df44ssfHflGYU12prN2kA=",
      "dev": true,
      "requires": {
        "to-regex-range": "^5.0.1"
      }
    },
    "fraction.js": {
      "version": "4.2.1",
      "resolved": "https://npm.baijia.com/fraction.js/-/fraction.js-4.2.1.tgz",
      "integrity": "sha512-/KxoyCnPM0GwYI4NN0Iag38Tqt+od3/mLuguepLgCAKPn0ZhC544nssAW0tG2/00zXEYl9W+7hwAIpLHo6Oc7Q==",
      "dev": true
    },
    "fs-extra": {
      "version": "11.1.1",
      "resolved": "https://npm.baijia.com/fs-extra/-/fs-extra-11.1.1.tgz",
      "integrity": "sha512-MGIE4HOvQCeUCzmlHs0vXpih4ysz4wg9qiSAu6cd42lVwPbTM1TjV7RusoyQqMmk/95gdQZX72u+YW+c3eEpFQ==",
      "dev": true,
      "requires": {
        "graceful-fs": "^4.2.0",
        "jsonfile": "^6.0.1",
        "universalify": "^2.0.0"
      }
    },
    "fsevents": {
      "version": "2.3.3",
      "resolved": "https://npm.baijia.com/fsevents/-/fsevents-2.3.3.tgz",
      "integrity": "sha512-5xoDfX+fL7faATnagmWPpbFtwh/R77WmMMqqHGS65C3vvB0YHrgF+B1YmZ3441tMj5n63k0212XNoJwzlhffQw==",
      "dev": true,
      "optional": true
    },
    "function-bind": {
      "version": "1.1.1",
      "resolved": "https://npm.baijia.com/function-bind/-/function-bind-1.1.1.tgz",
      "integrity": "sha1-pWiZ0+o8m6uHS7l3O3xe3pL0iV0=",
      "dev": true
    },
    "get-caller-file": {
      "version": "2.0.5",
      "resolved": "https://npm.baijia.com/get-caller-file/-/get-caller-file-2.0.5.tgz",
      "integrity": "sha1-T5RBKoLbMvNuOwuXQfipf+sDH34=",
      "dev": true
    },
    "get-stdin": {
      "version": "9.0.0",
      "resolved": "https://npm.baijia.com/get-stdin/-/get-stdin-9.0.0.tgz",
      "integrity": "sha1-OYP/guA9VvGy6g0+YDJfOdcDpXU=",
      "dev": true
    },
    "glob-parent": {
      "version": "5.1.2",
      "resolved": "https://npm.baijia.com/glob-parent/-/glob-parent-5.1.2.tgz",
      "integrity": "sha1-hpgyxYA0/mikCTwX3BXoNA2EAcQ=",
      "dev": true,
      "requires": {
        "is-glob": "^4.0.1"
      }
    },
    "globby": {
      "version": "13.2.2",
      "resolved": "https://npm.baijia.com/globby/-/globby-13.2.2.tgz",
      "integrity": "sha512-Y1zNGV+pzQdh7H39l9zgB4PJqjRNqydvdYCDG4HFXM4XuvSaQQlEc91IU1yALL8gUTDomgBAfz3XJdmUS+oo0w==",
      "dev": true,
      "requires": {
        "dir-glob": "^3.0.1",
        "fast-glob": "^3.3.0",
        "ignore": "^5.2.4",
        "merge2": "^1.4.1",
        "slash": "^4.0.0"
      },
      "dependencies": {
        "slash": {
          "version": "4.0.0",
          "resolved": "https://npm.baijia.com/slash/-/slash-4.0.0.tgz",
          "integrity": "sha1-JCI3IXbExsWt214q2oha+YSzlqc=",
          "dev": true
        }
      }
    },
    "graceful-fs": {
      "version": "4.2.11",
      "resolved": "https://npm.baijia.com/graceful-fs/-/graceful-fs-4.2.11.tgz",
      "integrity": "sha512-RbJ5/jmFcNNCcDV5o9eTnBLJ/HszWV0P73bc+Ff4nS/rJj+YaS6IGyiOL0VoBYX+l1Wrl3k63h/KrH+nhJ0XvQ==",
      "dev": true
    },
    "has": {
      "version": "1.0.3",
      "resolved": "https://npm.baijia.com/has/-/has-1.0.3.tgz",
      "integrity": "sha1-ci18v8H2qoJB8W3YFOAR4fQeh5Y=",
      "dev": true,
      "requires": {
        "function-bind": "^1.1.1"
      }
    },
    "ignore": {
      "version": "5.2.4",
      "resolved": "https://npm.baijia.com/ignore/-/ignore-5.2.4.tgz",
      "integrity": "sha512-MAb38BcSbH0eHNBxn7ql2NH/kX33OkB3lZ1BNdh7ENeRChHTYsTvWrMubiIAMNS2llXEEgZ1MUOBtXChP3kaFQ==",
      "dev": true
    },
    "is-binary-path": {
      "version": "2.1.0",
      "resolved": "https://npm.baijia.com/is-binary-path/-/is-binary-path-2.1.0.tgz",
      "integrity": "sha1-6h9/O4DwZCNug0cPhsCcJU+0Wwk=",
      "dev": true,
      "requires": {
        "binary-extensions": "^2.0.0"
      }
    },
    "is-core-module": {
      "version": "2.13.0",
      "resolved": "https://npm.baijia.com/is-core-module/-/is-core-module-2.13.0.tgz",
      "integrity": "sha512-Z7dk6Qo8pOCp3l4tsX2C5ZVas4V+UxwQodwZhLopL91TX8UyyHEXafPcyoeeWuLrwzHcr3igO78wNLwHJHsMCQ==",
      "dev": true,
      "requires": {
        "has": "^1.0.3"
      }
    },
    "is-extglob": {
      "version": "2.1.1",
      "resolved": "https://npm.baijia.com/is-extglob/-/is-extglob-2.1.1.tgz",
      "integrity": "sha1-qIwCU1eR8C7TfHahueqXc8gz+MI=",
      "dev": true
    },
    "is-fullwidth-code-point": {
      "version": "3.0.0",
      "resolved": "https://npm.baijia.com/is-fullwidth-code-point/-/is-fullwidth-code-point-3.0.0.tgz",
      "integrity": "sha1-8Rb4Bk/pCz94RKOJl8C3UFEmnx0=",
      "dev": true
    },
    "is-glob": {
      "version": "4.0.3",
      "resolved": "https://npm.baijia.com/is-glob/-/is-glob-4.0.3.tgz",
      "integrity": "sha1-ZPYeQsu7LuwgcanawLKLoeZdUIQ=",
      "dev": true,
      "requires": {
        "is-extglob": "^2.1.1"
      }
    },
    "is-number": {
      "version": "7.0.0",
      "resolved": "https://npm.baijia.com/is-number/-/is-number-7.0.0.tgz",
      "integrity": "sha1-dTU0W4lnNNX4DE0GxQlVUnoU8Ss=",
      "dev": true
    },
    "jsonfile": {
      "version": "6.1.0",
      "resolved": "https://npm.baijia.com/jsonfile/-/jsonfile-6.1.0.tgz",
      "integrity": "sha1-vFWyY0eTxnnsZAMJTrE2mKbsCq4=",
      "dev": true,
      "requires": {
        "graceful-fs": "^4.1.6",
        "universalify": "^2.0.0"
      }
    },
    "lilconfig": {
      "version": "2.1.0",
      "resolved": "https://npm.baijia.com/lilconfig/-/lilconfig-2.1.0.tgz",
      "integrity": "sha512-utWOt/GHzuUxnLKxB6dk81RoOeoNeHgbrXiuGk4yyF5qlRz+iIVWu56E2fqGHFrXz0QNUhLB/8nKqvRH66JKGQ==",
      "dev": true
    },
    "lodash.memoize": {
      "version": "4.1.2",
      "resolved": "https://npm.baijia.com/lodash.memoize/-/lodash.memoize-4.1.2.tgz",
      "integrity": "sha1-vMbEmkKihA7Zl/Mj6tpezRguC/4=",
      "dev": true
    },
    "lodash.uniq": {
      "version": "4.5.0",
      "resolved": "https://npm.baijia.com/lodash.uniq/-/lodash.uniq-4.5.0.tgz",
      "integrity": "sha1-0CJTc662Uq3BvILklFM5qEJ1R3M=",
      "dev": true
    },
    "make-dir": {
      "version": "3.1.0",
      "resolved": "https://npm.baijia.com/make-dir/-/make-dir-3.1.0.tgz",
      "integrity": "sha1-QV6WcEazp/HRhSd9hKpYIDcmoT8=",
      "dev": true,
      "requires": {
        "semver": "^6.0.0"
      }
    },
    "mdn-data": {
      "version": "2.0.30",
      "resolved": "https://npm.baijia.com/mdn-data/-/mdn-data-2.0.30.tgz",
      "integrity": "sha512-GaqWWShW4kv/G9IEucWScBx9G1/vsFZZJUO+tD26M8J8z3Kw5RDQjaoZe03YAClgeS/SWPOcb4nkFBTEi5DUEA==",
      "dev": true
    },
    "merge2": {
      "version": "1.4.1",
      "resolved": "https://npm.baijia.com/merge2/-/merge2-1.4.1.tgz",
      "integrity": "sha1-Q2iJL4hekHRVpv19xVwMnUBJkK4=",
      "dev": true
    },
    "micromatch": {
      "version": "4.0.5",
      "resolved": "https://npm.baijia.com/micromatch/-/micromatch-4.0.5.tgz",
      "integrity": "sha512-DMy+ERcEW2q8Z2Po+WNXuw3c5YaUSFjAO5GsJqfEl7UjvtIuFKO6ZrKvcItdy98dwFI2N1tg3zNIdKaQT+aNdA==",
      "dev": true,
      "requires": {
        "braces": "^3.0.2",
        "picomatch": "^2.3.1"
      }
    },
    "mime": {
      "version": "2.5.2",
      "resolved": "https://npm.baijia.com/mime/-/mime-2.5.2.tgz",
      "integrity": "sha1-bj3GzCuVEGQ4MOXxnVy3U9pe6r4=",
      "dev": true
    },
    "minimatch": {
      "version": "3.0.8",
      "resolved": "https://npm.baijia.com/minimatch/-/minimatch-3.0.8.tgz",
      "integrity": "sha512-6FsRAQsxQ61mw+qP1ZzbL9Bc78x2p5OqNgNpnoAFLTrX8n5Kxph0CsnhmKKNXTWjXqU5L0pGPR7hYk+XWZr60Q==",
      "dev": true,
      "requires": {
        "brace-expansion": "^1.1.7"
      }
    },
    "nanoid": {
      "version": "3.3.6",
      "resolved": "https://npm.baijia.com/nanoid/-/nanoid-3.3.6.tgz",
      "integrity": "sha512-BGcqMMJuToF7i1rt+2PWSNVnWIkGCU78jBG3RxO/bZlnZPK2Cmi2QaffxGO/2RvWi9sL+FAiRiXMgsyxQ1DIDA==",
      "dev": true
    },
    "node-releases": {
      "version": "2.0.13",
      "resolved": "https://npm.baijia.com/node-releases/-/node-releases-2.0.13.tgz",
      "integrity": "sha512-uYr7J37ae/ORWdZeQ1xxMJe3NtdmqMC/JZK+geofDrkLUApKRHPd18/TxtBOJ4A0/+uUIliorNrfYV6s1b02eQ==",
      "dev": true
    },
    "normalize-path": {
      "version": "3.0.0",
      "resolved": "https://npm.baijia.com/normalize-path/-/normalize-path-3.0.0.tgz",
      "integrity": "sha1-Dc1p/yOhybEf0JeDFmRKA4ghamU=",
      "dev": true
    },
    "normalize-range": {
      "version": "0.1.2",
      "resolved": "https://npm.baijia.com/normalize-range/-/normalize-range-0.1.2.tgz",
      "integrity": "sha1-LRDAa9/TEuqXd2laTShDlFa3WUI=",
      "dev": true
    },
    "nth-check": {
      "version": "2.1.1",
      "resolved": "https://npm.baijia.com/nth-check/-/nth-check-2.1.1.tgz",
      "integrity": "sha512-lqjrjmaOoAnWfMmBPL+XNnynZh2+swxiX3WUE0s4yEHI6m+AwrK2UZOimIRl3X/4QctVqS8AiZjFqyOGrMXb/w==",
      "dev": true,
      "requires": {
        "boolbase": "^1.0.0"
      }
    },
    "path-parse": {
      "version": "1.0.7",
      "resolved": "https://npm.baijia.com/path-parse/-/path-parse-1.0.7.tgz",
      "integrity": "sha1-+8EUtgykKzDZ2vWFjkvWi77bZzU=",
      "dev": true
    },
    "path-type": {
      "version": "4.0.0",
      "resolved": "https://npm.baijia.com/path-type/-/path-type-4.0.0.tgz",
      "integrity": "sha1-hO0BwKe6OAr+CdkKjBgNzZ0DBDs=",
      "dev": true
    },
    "picocolors": {
      "version": "1.0.0",
      "resolved": "https://npm.baijia.com/picocolors/-/picocolors-1.0.0.tgz",
      "integrity": "sha1-y1vcdP8/UYkiNur3nWi8RFZKuBw=",
      "dev": true
    },
    "picomatch": {
      "version": "2.3.1",
      "resolved": "https://npm.baijia.com/picomatch/-/picomatch-2.3.1.tgz",
      "integrity": "sha512-JU3teHTNjmE2VCGFzuY8EXzCDVwEqB2a8fsIvwaStHhAWJEeVd1o1QD80CU6+ZdEXXSLbSsuLwJjkCBWqRQUVA==",
      "dev": true
    },
    "pify": {
      "version": "2.3.0",
      "resolved": "https://npm.baijia.com/pify/-/pify-2.3.0.tgz",
      "integrity": "sha1-7RQaasBDqEnqWISY59yosVMw6Qw=",
      "dev": true
    },
    "postcss": {
      "version": "8.4.28",
      "resolved": "https://npm.baijia.com/postcss/-/postcss-8.4.28.tgz",
      "integrity": "sha512-Z7V5j0cq8oEKyejIKfpD8b4eBy9cwW2JWPk0+fB1HOAMsfHbnAXLLS+PfVWlzMSLQaWttKDt607I0XHmpE67Vw==",
      "dev": true,
      "requires": {
        "nanoid": "^3.3.6",
        "picocolors": "^1.0.0",
        "source-map-js": "^1.0.2"
      }
    },
    "postcss-calc": {
      "version": "9.0.1",
      "resolved": "https://npm.baijia.com/postcss-calc/-/postcss-calc-9.0.1.tgz",
      "integrity": "sha512-TipgjGyzP5QzEhsOZUaIkeO5mKeMFpebWzRogWG/ysonUlnHcq5aJe0jOjpfzUU8PeSaBQnrE8ehR0QA5vs8PQ==",
      "dev": true,
      "requires": {
        "postcss-selector-parser": "^6.0.11",
        "postcss-value-parser": "^4.2.0"
      }
    },
    "postcss-cli": {
      "version": "10.1.0",
      "resolved": "https://npm.baijia.com/postcss-cli/-/postcss-cli-10.1.0.tgz",
      "integrity": "sha512-Zu7PLORkE9YwNdvOeOVKPmWghprOtjFQU3srMUGbdz3pHJiFh7yZ4geiZFMkjMfB0mtTFR3h8RemR62rPkbOPA==",
      "dev": true,
      "requires": {
        "chokidar": "^3.3.0",
        "dependency-graph": "^0.11.0",
        "fs-extra": "^11.0.0",
        "get-stdin": "^9.0.0",
        "globby": "^13.0.0",
        "picocolors": "^1.0.0",
        "postcss-load-config": "^4.0.0",
        "postcss-reporter": "^7.0.0",
        "pretty-hrtime": "^1.0.3",
        "read-cache": "^1.0.0",
        "slash": "^5.0.0",
        "yargs": "^17.0.0"
      }
    },
    "postcss-colormin": {
      "version": "6.0.0",
      "resolved": "https://npm.baijia.com/postcss-colormin/-/postcss-colormin-6.0.0.tgz",
      "integrity": "sha512-EuO+bAUmutWoZYgHn2T1dG1pPqHU6L4TjzPlu4t1wZGXQ/fxV16xg2EJmYi0z+6r+MGV1yvpx1BHkUaRrPa2bw==",
      "dev": true,
      "requires": {
        "browserslist": "^4.21.4",
        "caniuse-api": "^3.0.0",
        "colord": "^2.9.1",
        "postcss-value-parser": "^4.2.0"
      }
    },
    "postcss-convert-values": {
      "version": "6.0.0",
      "resolved": "https://npm.baijia.com/postcss-convert-values/-/postcss-convert-values-6.0.0.tgz",
      "integrity": "sha512-U5D8QhVwqT++ecmy8rnTb+RL9n/B806UVaS3m60lqle4YDFcpbS3ae5bTQIh3wOGUSDHSEtMYLs/38dNG7EYFw==",
      "dev": true,
      "requires": {
        "browserslist": "^4.21.4",
        "postcss-value-parser": "^4.2.0"
      }
    },
    "postcss-discard-comments": {
      "version": "6.0.0",
      "resolved": "https://npm.baijia.com/postcss-discard-comments/-/postcss-discard-comments-6.0.0.tgz",
      "integrity": "sha512-p2skSGqzPMZkEQvJsgnkBhCn8gI7NzRH2683EEjrIkoMiwRELx68yoUJ3q3DGSGuQ8Ug9Gsn+OuDr46yfO+eFw==",
      "dev": true
    },
    "postcss-discard-duplicates": {
      "version": "6.0.0",
      "resolved": "https://npm.baijia.com/postcss-discard-duplicates/-/postcss-discard-duplicates-6.0.0.tgz",
      "integrity": "sha512-bU1SXIizMLtDW4oSsi5C/xHKbhLlhek/0/yCnoMQany9k3nPBq+Ctsv/9oMmyqbR96HYHxZcHyK2HR5P/mqoGA==",
      "dev": true
    },
    "postcss-discard-empty": {
      "version": "6.0.0",
      "resolved": "https://npm.baijia.com/postcss-discard-empty/-/postcss-discard-empty-6.0.0.tgz",
      "integrity": "sha512-b+h1S1VT6dNhpcg+LpyiUrdnEZfICF0my7HAKgJixJLW7BnNmpRH34+uw/etf5AhOlIhIAuXApSzzDzMI9K/gQ==",
      "dev": true
    },
    "postcss-discard-overridden": {
      "version": "6.0.0",
      "resolved": "https://npm.baijia.com/postcss-discard-overridden/-/postcss-discard-overridden-6.0.0.tgz",
      "integrity": "sha512-4VELwssYXDFigPYAZ8vL4yX4mUepF/oCBeeIT4OXsJPYOtvJumyz9WflmJWTfDwCUcpDR+z0zvCWBXgTx35SVw==",
      "dev": true
    },
    "postcss-import": {
      "version": "15.1.0",
      "resolved": "https://npm.baijia.com/postcss-import/-/postcss-import-15.1.0.tgz",
      "integrity": "sha512-hpr+J05B2FVYUAXHeK1YyI267J/dDDhMU6B6civm8hSY1jYJnBXxzKDKDswzJmtLHryrjhnDjqqp/49t8FALew==",
      "dev": true,
      "requires": {
        "postcss-value-parser": "^4.0.0",
        "read-cache": "^1.0.0",
        "resolve": "^1.1.7"
      }
    },
    "postcss-load-config": {
      "version": "4.0.1",
      "resolved": "https://npm.baijia.com/postcss-load-config/-/postcss-load-config-4.0.1.tgz",
      "integrity": "sha512-vEJIc8RdiBRu3oRAI0ymerOn+7rPuMvRXslTvZUKZonDHFIczxztIyJ1urxM1x9JXEikvpWWTUUqal5j/8QgvA==",
      "dev": true,
      "requires": {
        "lilconfig": "^2.0.5",
        "yaml": "^2.1.1"
      }
    },
    "postcss-merge-longhand": {
      "version": "6.0.0",
      "resolved": "https://npm.baijia.com/postcss-merge-longhand/-/postcss-merge-longhand-6.0.0.tgz",
      "integrity": "sha512-4VSfd1lvGkLTLYcxFuISDtWUfFS4zXe0FpF149AyziftPFQIWxjvFSKhA4MIxMe4XM3yTDgQMbSNgzIVxChbIg==",
      "dev": true,
      "requires": {
        "postcss-value-parser": "^4.2.0",
        "stylehacks": "^6.0.0"
      }
    },
    "postcss-merge-rules": {
      "version": "6.0.1",
      "resolved": "https://npm.baijia.com/postcss-merge-rules/-/postcss-merge-rules-6.0.1.tgz",
      "integrity": "sha512-a4tlmJIQo9SCjcfiCcCMg/ZCEe0XTkl/xK0XHBs955GWg9xDX3NwP9pwZ78QUOWB8/0XCjZeJn98Dae0zg6AAw==",
      "dev": true,
      "requires": {
        "browserslist": "^4.21.4",
        "caniuse-api": "^3.0.0",
        "cssnano-utils": "^4.0.0",
        "postcss-selector-parser": "^6.0.5"
      }
    },
    "postcss-minify-font-values": {
      "version": "6.0.0",
      "resolved": "https://npm.baijia.com/postcss-minify-font-values/-/postcss-minify-font-values-6.0.0.tgz",
      "integrity": "sha512-zNRAVtyh5E8ndZEYXA4WS8ZYsAp798HiIQ1V2UF/C/munLp2r1UGHwf1+6JFu7hdEhJFN+W1WJQKBrtjhFgEnA==",
      "dev": true,
      "requires": {
        "postcss-value-parser": "^4.2.0"
      }
    },
    "postcss-minify-gradients": {
      "version": "6.0.0",
      "resolved": "https://npm.baijia.com/postcss-minify-gradients/-/postcss-minify-gradients-6.0.0.tgz",
      "integrity": "sha512-wO0F6YfVAR+K1xVxF53ueZJza3L+R3E6cp0VwuXJQejnNUH0DjcAFe3JEBeTY1dLwGa0NlDWueCA1VlEfiKgAA==",
      "dev": true,
      "requires": {
        "colord": "^2.9.1",
        "cssnano-utils": "^4.0.0",
        "postcss-value-parser": "^4.2.0"
      }
    },
    "postcss-minify-params": {
      "version": "6.0.0",
      "resolved": "https://npm.baijia.com/postcss-minify-params/-/postcss-minify-params-6.0.0.tgz",
      "integrity": "sha512-Fz/wMQDveiS0n5JPcvsMeyNXOIMrwF88n7196puSuQSWSa+/Ofc1gDOSY2xi8+A4PqB5dlYCKk/WfqKqsI+ReQ==",
      "dev": true,
      "requires": {
        "browserslist": "^4.21.4",
        "cssnano-utils": "^4.0.0",
        "postcss-value-parser": "^4.2.0"
      }
    },
    "postcss-minify-selectors": {
      "version": "6.0.0",
      "resolved": "https://npm.baijia.com/postcss-minify-selectors/-/postcss-minify-selectors-6.0.0.tgz",
      "integrity": "sha512-ec/q9JNCOC2CRDNnypipGfOhbYPuUkewGwLnbv6omue/PSASbHSU7s6uSQ0tcFRVv731oMIx8k0SP4ZX6be/0g==",
      "dev": true,
      "requires": {
        "postcss-selector-parser": "^6.0.5"
      }
    },
    "postcss-normalize-charset": {
      "version": "6.0.0",
      "resolved": "https://npm.baijia.com/postcss-normalize-charset/-/postcss-normalize-charset-6.0.0.tgz",
      "integrity": "sha512-cqundwChbu8yO/gSWkuFDmKrCZ2vJzDAocheT2JTd0sFNA4HMGoKMfbk2B+J0OmO0t5GUkiAkSM5yF2rSLUjgQ==",
      "dev": true
    },
    "postcss-normalize-display-values": {
      "version": "6.0.0",
      "resolved": "https://npm.baijia.com/postcss-normalize-display-values/-/postcss-normalize-display-values-6.0.0.tgz",
      "integrity": "sha512-Qyt5kMrvy7dJRO3OjF7zkotGfuYALETZE+4lk66sziWSPzlBEt7FrUshV6VLECkI4EN8Z863O6Nci4NXQGNzYw==",
      "dev": true,
      "requires": {
        "postcss-value-parser": "^4.2.0"
      }
    },
    "postcss-normalize-positions": {
      "version": "6.0.0",
      "resolved": "https://npm.baijia.com/postcss-normalize-positions/-/postcss-normalize-positions-6.0.0.tgz",
      "integrity": "sha512-mPCzhSV8+30FZyWhxi6UoVRYd3ZBJgTRly4hOkaSifo0H+pjDYcii/aVT4YE6QpOil15a5uiv6ftnY3rm0igPg==",
      "dev": true,
      "requires": {
        "postcss-value-parser": "^4.2.0"
      }
    },
    "postcss-normalize-repeat-style": {
      "version": "6.0.0",
      "resolved": "https://npm.baijia.com/postcss-normalize-repeat-style/-/postcss-normalize-repeat-style-6.0.0.tgz",
      "integrity": "sha512-50W5JWEBiOOAez2AKBh4kRFm2uhrT3O1Uwdxz7k24aKtbD83vqmcVG7zoIwo6xI2FZ/HDlbrCopXhLeTpQib1A==",
      "dev": true,
      "requires": {
        "postcss-value-parser": "^4.2.0"
      }
    },
    "postcss-normalize-string": {
      "version": "6.0.0",
      "resolved": "https://npm.baijia.com/postcss-normalize-string/-/postcss-normalize-string-6.0.0.tgz",
      "integrity": "sha512-KWkIB7TrPOiqb8ZZz6homet2KWKJwIlysF5ICPZrXAylGe2hzX/HSf4NTX2rRPJMAtlRsj/yfkrWGavFuB+c0w==",
      "dev": true,
      "requires": {
        "postcss-value-parser": "^4.2.0"
      }
    },
    "postcss-normalize-timing-functions": {
      "version": "6.0.0",
      "resolved": "https://npm.baijia.com/postcss-normalize-timing-functions/-/postcss-normalize-timing-functions-6.0.0.tgz",
      "integrity": "sha512-tpIXWciXBp5CiFs8sem90IWlw76FV4oi6QEWfQwyeREVwUy39VSeSqjAT7X0Qw650yAimYW5gkl2Gd871N5SQg==",
      "dev": true,
      "requires": {
        "postcss-value-parser": "^4.2.0"
      }
    },
    "postcss-normalize-unicode": {
      "version": "6.0.0",
      "resolved": "https://npm.baijia.com/postcss-normalize-unicode/-/postcss-normalize-unicode-6.0.0.tgz",
      "integrity": "sha512-ui5crYkb5ubEUDugDc786L/Me+DXp2dLg3fVJbqyAl0VPkAeALyAijF2zOsnZyaS1HyfPuMH0DwyY18VMFVNkg==",
      "dev": true,
      "requires": {
        "browserslist": "^4.21.4",
        "postcss-value-parser": "^4.2.0"
      }
    },
    "postcss-normalize-url": {
      "version": "6.0.0",
      "resolved": "https://npm.baijia.com/postcss-normalize-url/-/postcss-normalize-url-6.0.0.tgz",
      "integrity": "sha512-98mvh2QzIPbb02YDIrYvAg4OUzGH7s1ZgHlD3fIdTHLgPLRpv1ZTKJDnSAKr4Rt21ZQFzwhGMXxpXlfrUBKFHw==",
      "dev": true,
      "requires": {
        "postcss-value-parser": "^4.2.0"
      }
    },
    "postcss-normalize-whitespace": {
      "version": "6.0.0",
      "resolved": "https://npm.baijia.com/postcss-normalize-whitespace/-/postcss-normalize-whitespace-6.0.0.tgz",
      "integrity": "sha512-7cfE1AyLiK0+ZBG6FmLziJzqQCpTQY+8XjMhMAz8WSBSCsCNNUKujgIgjCAmDT3cJ+3zjTXFkoD15ZPsckArVw==",
      "dev": true,
      "requires": {
        "postcss-value-parser": "^4.2.0"
      }
    },
    "postcss-ordered-values": {
      "version": "6.0.0",
      "resolved": "https://npm.baijia.com/postcss-ordered-values/-/postcss-ordered-values-6.0.0.tgz",
      "integrity": "sha512-K36XzUDpvfG/nWkjs6d1hRBydeIxGpKS2+n+ywlKPzx1nMYDYpoGbcjhj5AwVYJK1qV2/SDoDEnHzlPD6s3nMg==",
      "dev": true,
      "requires": {
        "cssnano-utils": "^4.0.0",
        "postcss-value-parser": "^4.2.0"
      }
    },
    "postcss-reduce-initial": {
      "version": "6.0.0",
      "resolved": "https://npm.baijia.com/postcss-reduce-initial/-/postcss-reduce-initial-6.0.0.tgz",
      "integrity": "sha512-s2UOnidpVuXu6JiiI5U+fV2jamAw5YNA9Fdi/GRK0zLDLCfXmSGqQtzpUPtfN66RtCbb9fFHoyZdQaxOB3WxVA==",
      "dev": true,
      "requires": {
        "browserslist": "^4.21.4",
        "caniuse-api": "^3.0.0"
      }
    },
    "postcss-reduce-transforms": {
      "version": "6.0.0",
      "resolved": "https://npm.baijia.com/postcss-reduce-transforms/-/postcss-reduce-transforms-6.0.0.tgz",
      "integrity": "sha512-FQ9f6xM1homnuy1wLe9lP1wujzxnwt1EwiigtWwuyf8FsqqXUDUp2Ulxf9A5yjlUOTdCJO6lonYjg1mgqIIi2w==",
      "dev": true,
      "requires": {
        "postcss-value-parser": "^4.2.0"
      }
    },
    "postcss-reporter": {
      "version": "7.0.5",
      "resolved": "https://npm.baijia.com/postcss-reporter/-/postcss-reporter-7.0.5.tgz",
      "integrity": "sha512-glWg7VZBilooZGOFPhN9msJ3FQs19Hie7l5a/eE6WglzYqVeH3ong3ShFcp9kDWJT1g2Y/wd59cocf9XxBtkWA==",
      "dev": true,
      "requires": {
        "picocolors": "^1.0.0",
        "thenby": "^1.3.4"
      }
    },
    "postcss-selector-parser": {
      "version": "6.0.13",
      "resolved": "https://npm.baijia.com/postcss-selector-parser/-/postcss-selector-parser-6.0.13.tgz",
      "integrity": "sha512-EaV1Gl4mUEV4ddhDnv/xtj7sxwrwxdetHdWUGnT4VJQf+4d05v6lHYZr8N573k5Z0BViss7BDhfWtKS3+sfAqQ==",
      "dev": true,
      "requires": {
        "cssesc": "^3.0.0",
        "util-deprecate": "^1.0.2"
      }
    },
    "postcss-svgo": {
      "version": "6.0.0",
      "resolved": "https://npm.baijia.com/postcss-svgo/-/postcss-svgo-6.0.0.tgz",
      "integrity": "sha512-r9zvj/wGAoAIodn84dR/kFqwhINp5YsJkLoujybWG59grR/IHx+uQ2Zo+IcOwM0jskfYX3R0mo+1Kip1VSNcvw==",
      "dev": true,
      "requires": {
        "postcss-value-parser": "^4.2.0",
        "svgo": "^3.0.2"
      }
    },
    "postcss-unique-selectors": {
      "version": "6.0.0",
      "resolved": "https://npm.baijia.com/postcss-unique-selectors/-/postcss-unique-selectors-6.0.0.tgz",
      "integrity": "sha512-EPQzpZNxOxP7777t73RQpZE5e9TrnCrkvp7AH7a0l89JmZiPnS82y216JowHXwpBCQitfyxrof9TK3rYbi7/Yw==",
      "dev": true,
      "requires": {
        "postcss-selector-parser": "^6.0.5"
      }
    },
    "postcss-url": {
      "version": "10.1.3",
      "resolved": "https://npm.baijia.com/postcss-url/-/postcss-url-10.1.3.tgz",
      "integrity": "sha1-VBIMyRAwniR17AXCz6j4ot6v3x4=",
      "dev": true,
      "requires": {
        "make-dir": "~3.1.0",
        "mime": "~2.5.2",
        "minimatch": "~3.0.4",
        "xxhashjs": "~0.2.2"
      }
    },
    "postcss-value-parser": {
      "version": "4.2.0",
      "resolved": "https://npm.baijia.com/postcss-value-parser/-/postcss-value-parser-4.2.0.tgz",
      "integrity": "sha512-1NNCs6uurfkVbeXG4S8JFT9t19m45ICnif8zWLd5oPSZ50QnwMfK+H3jv408d4jw/7Bttv5axS5IiHoLaVNHeQ==",
      "dev": true
    },
    "pretty-hrtime": {
      "version": "1.0.3",
      "resolved": "https://npm.baijia.com/pretty-hrtime/-/pretty-hrtime-1.0.3.tgz",
      "integrity": "sha1-t+PqQkNaTJsnWdmeDyAesZWALuE=",
      "dev": true
    },
    "queue-microtask": {
      "version": "1.2.3",
      "resolved": "https://npm.baijia.com/queue-microtask/-/queue-microtask-1.2.3.tgz",
      "integrity": "sha1-SSkii7xyTfrEPg77BYyve2z7YkM=",
      "dev": true
    },
    "read-cache": {
      "version": "1.0.0",
      "resolved": "https://npm.baijia.com/read-cache/-/read-cache-1.0.0.tgz",
      "integrity": "sha1-5mTvMRYRZsl1HNvo28+GtftY93Q=",
      "dev": true,
      "requires": {
        "pify": "^2.3.0"
      }
    },
    "readdirp": {
      "version": "3.6.0",
      "resolved": "https://npm.baijia.com/readdirp/-/readdirp-3.6.0.tgz",
      "integrity": "sha1-dKNwvYVxFuJFspzJc0DNQxoCpsc=",
      "dev": true,
      "requires": {
        "picomatch": "^2.2.1"
      }
    },
    "require-directory": {
      "version": "2.1.1",
      "resolved": "https://npm.baijia.com/require-directory/-/require-directory-2.1.1.tgz",
      "integrity": "sha1-jGStX9MNqxyXbiNE/+f3kqam30I=",
      "dev": true
    },
    "resolve": {
      "version": "1.22.4",
      "resolved": "https://npm.baijia.com/resolve/-/resolve-1.22.4.tgz",
      "integrity": "sha512-PXNdCiPqDqeUou+w1C2eTQbNfxKSuMxqTCuvlmmMsk1NWHL5fRrhY6Pl0qEYYc6+QqGClco1Qj8XnjPego4wfg==",
      "dev": true,
      "requires": {
        "is-core-module": "^2.13.0",
        "path-parse": "^1.0.7",
        "supports-preserve-symlinks-flag": "^1.0.0"
      }
    },
    "reusify": {
      "version": "1.0.4",
      "resolved": "https://npm.baijia.com/reusify/-/reusify-1.0.4.tgz",
      "integrity": "sha1-kNo4Kx4SbvwCFG6QhFqI2xKSXXY=",
      "dev": true
    },
    "run-parallel": {
      "version": "1.2.0",
      "resolved": "https://npm.baijia.com/run-parallel/-/run-parallel-1.2.0.tgz",
      "integrity": "sha1-ZtE2jae9+SHrnZW9GpIp5/IaQ+4=",
      "dev": true,
      "requires": {
        "queue-microtask": "^1.2.2"
      }
    },
    "semver": {
      "version": "6.3.1",
      "resolved": "https://npm.baijia.com/semver/-/semver-6.3.1.tgz",
      "integrity": "sha512-BR7VvDCVHO+q2xBEWskxS6DJE1qRnb7DxzUrogb71CWoSficBxYsiAGd+Kl0mmq/MprG9yArRkyrQxTO6XjMzA==",
      "dev": true
    },
    "slash": {
      "version": "5.1.0",
      "resolved": "https://npm.baijia.com/slash/-/slash-5.1.0.tgz",
      "integrity": "sha512-ZA6oR3T/pEyuqwMgAKT0/hAv8oAXckzbkmR0UkUosQ+Mc4RxGoJkRmwHgHufaenlyAgE1Mxgpdcrf75y6XcnDg==",
      "dev": true
    },
    "source-map-js": {
      "version": "1.0.2",
      "resolved": "https://npm.baijia.com/source-map-js/-/source-map-js-1.0.2.tgz",
      "integrity": "sha512-R0XvVJ9WusLiqTCEiGCmICCMplcCkIwwR11mOSD9CR5u+IXYdiseeEuXCVAjS54zqwkLcPNnmU4OeJ6tUrWhDw==",
      "dev": true
    },
    "string-width": {
      "version": "4.2.3",
      "resolved": "https://npm.baijia.com/string-width/-/string-width-4.2.3.tgz",
      "integrity": "sha1-JpxxF9J7Ba0uU2gwqOyJXvnG0BA=",
      "dev": true,
      "requires": {
        "emoji-regex": "^8.0.0",
        "is-fullwidth-code-point": "^3.0.0",
        "strip-ansi": "^6.0.1"
      }
    },
    "strip-ansi": {
      "version": "6.0.1",
      "resolved": "https://npm.baijia.com/strip-ansi/-/strip-ansi-6.0.1.tgz",
      "integrity": "sha1-nibGPTD1NEPpSJSVshBdN7Z6hdk=",
      "dev": true,
      "requires": {
        "ansi-regex": "^5.0.1"
      }
    },
    "stylehacks": {
      "version": "6.0.0",
      "resolved": "https://npm.baijia.com/stylehacks/-/stylehacks-6.0.0.tgz",
      "integrity": "sha512-+UT589qhHPwz6mTlCLSt/vMNTJx8dopeJlZAlBMJPWA3ORqu6wmQY7FBXf+qD+FsqoBJODyqNxOUP3jdntFRdw==",
      "dev": true,
      "requires": {
        "browserslist": "^4.21.4",
        "postcss-selector-parser": "^6.0.4"
      }
    },
    "supports-preserve-symlinks-flag": {
      "version": "1.0.0",
      "resolved": "https://npm.baijia.com/supports-preserve-symlinks-flag/-/supports-preserve-symlinks-flag-1.0.0.tgz",
      "integrity": "sha512-ot0WnXS9fgdkgIcePe6RHNk1WA8+muPa6cSjeR3V8K27q9BB1rTE3R1p7Hv0z1ZyAc8s6Vvv8DIyWf681MAt0w==",
      "dev": true
    },
    "svgo": {
      "version": "3.0.2",
      "resolved": "https://npm.baijia.com/svgo/-/svgo-3.0.2.tgz",
      "integrity": "sha512-Z706C1U2pb1+JGP48fbazf3KxHrWOsLme6Rv7imFBn5EnuanDW1GPaA/P1/dvObE670JDePC3mnj0k0B7P0jjQ==",
      "dev": true,
      "requires": {
        "@trysound/sax": "0.2.0",
        "commander": "^7.2.0",
        "css-select": "^5.1.0",
        "css-tree": "^2.2.1",
        "csso": "^5.0.5",
        "picocolors": "^1.0.0"
      }
    },
    "thenby": {
      "version": "1.3.4",
      "resolved": "https://npm.baijia.com/thenby/-/thenby-1.3.4.tgz",
      "integrity": "sha512-89Gi5raiWA3QZ4b2ePcEwswC3me9JIg+ToSgtE0JWeCynLnLxNr/f9G+xfo9K+Oj4AFdom8YNJjibIARTJmapQ==",
      "dev": true
    },
    "to-regex-range": {
      "version": "5.0.1",
      "resolved": "https://npm.baijia.com/to-regex-range/-/to-regex-range-5.0.1.tgz",
      "integrity": "sha1-FkjESq58jZiKMmAY7XL1tN0DkuQ=",
      "dev": true,
      "requires": {
        "is-number": "^7.0.0"
      }
    },
    "universalify": {
      "version": "2.0.0",
      "resolved": "https://npm.baijia.com/universalify/-/universalify-2.0.0.tgz",
      "integrity": "sha1-daSYTv7cSwiXXFrrc/Uw0C3yVxc=",
      "dev": true
    },
    "update-browserslist-db": {
      "version": "1.0.11",
      "resolved": "https://npm.baijia.com/update-browserslist-db/-/update-browserslist-db-1.0.11.tgz",
      "integrity": "sha512-dCwEFf0/oT85M1fHBg4F0jtLwJrutGoHSQXCh7u4o2t1drG+c0a9Flnqww6XUKSfQMPpJBRjU8d4RXB09qtvaA==",
      "dev": true,
      "requires": {
        "escalade": "^3.1.1",
        "picocolors": "^1.0.0"
      }
    },
    "util-deprecate": {
      "version": "1.0.2",
      "resolved": "https://npm.baijia.com/util-deprecate/-/util-deprecate-1.0.2.tgz",
      "integrity": "sha1-RQ1Nyfpw3nMnYvvS1KKJgUGaDM8=",
      "dev": true
    },
    "wrap-ansi": {
      "version": "7.0.0",
      "resolved": "https://npm.baijia.com/wrap-ansi/-/wrap-ansi-7.0.0.tgz",
      "integrity": "sha1-Z+FFz/UQpqaYS98RUpEdadLrnkM=",
      "dev": true,
      "requires": {
        "ansi-styles": "^4.0.0",
        "string-width": "^4.1.0",
        "strip-ansi": "^6.0.0"
      }
    },
    "xxhashjs": {
      "version": "0.2.2",
      "resolved": "https://npm.baijia.com/xxhashjs/-/xxhashjs-0.2.2.tgz",
      "integrity": "sha1-imJRVnYhocRqWuIE2gJJx/jKqdg=",
      "dev": true,
      "requires": {
        "cuint": "^0.2.2"
      }
    },
    "y18n": {
      "version": "5.0.8",
      "resolved": "https://npm.baijia.com/y18n/-/y18n-5.0.8.tgz",
      "integrity": "sha1-f0k00PfKjFb5UxSTndzS3ZHOHVU=",
      "dev": true
    },
    "yaml": {
      "version": "2.3.1",
      "resolved": "https://npm.baijia.com/yaml/-/yaml-2.3.1.tgz",
      "integrity": "sha512-2eHWfjaoXgTBC2jNM1LRef62VQa0umtvRiDSk6HSzW7RvS5YtkabJrwYLLEKWBc8a5U2PTSCs+dJjUTJdlHsWQ==",
      "dev": true
    },
    "yargs": {
      "version": "17.7.2",
      "resolved": "https://npm.baijia.com/yargs/-/yargs-17.7.2.tgz",
      "integrity": "sha512-7dSzzRQ++CKnNI/krKnYRV7JKKPUXMEh61soaHKg9mrWEhzFWhFnxPxGl+69cD1Ou63C13NUPCnmIcrvqCuM6w==",
      "dev": true,
      "requires": {
        "cliui": "^8.0.1",
        "escalade": "^3.1.1",
        "get-caller-file": "^2.0.5",
        "require-directory": "^2.1.1",
        "string-width": "^4.2.3",
        "y18n": "^5.0.5",
        "yargs-parser": "^21.1.1"
      }
    },
    "yargs-parser": {
      "version": "21.1.1",
      "resolved": "https://npm.baijia.com/yargs-parser/-/yargs-parser-21.1.1.tgz",
      "integrity": "sha512-tVpsJW7DdjecAiFpbIB1e3qxIQsE6NoPc5/eTdrbbIC4h0LVsWhnoa3g+m2HclBIujHzsxZ4VJVA+GUuc2/LBw==",
      "dev": true
    }
  }
}
